
Microsoft Visual Studio Solution File, Format Version 12.00
# Visual Studio Version 16
VisualStudioVersion = 16.0.29728.190
MinimumVisualStudioVersion = 10.0.40219.1
Project("{FAE04EC0-301F-11D3-BF4B-00C04F79EFBC}") = "PersonaRandomizer", "PersonaRandomizer\PersonaRandomizer.csproj", "{D4468138-A3F7-4CEA-9402-A18B96760DCE}"
EndProject
Project("{FAE04EC0-301F-11D3-BF4B-00C04F79EFBC}") = "AtlusNameTableDumper", "Dependencies\AtlusTableEditor\Persona5NameTableDumper\AtlusNameTableDumper.csproj", "{F6CAFD27-406F-4C74-A48F-A37C64612900}"
EndProject
Project("{FAE04EC0-301F-11D3-BF4B-00C04F79EFBC}") = "AtlusRandomizer", "Dependencies\AtlusTableEditor\Persona4Randomizer\AtlusRandomizer.csproj", "{3E4DB24B-7E16-417B-A461-5D3EA32ACCB2}"
EndProject
Project("{FAE04EC0-301F-11D3-BF4B-00C04F79EFBC}") = "AtlusTableRandomizer", "Dependencies\AtlusTableRandomizer\AtlusTableRandomizer.csproj", "{85077E74-6D06-435F-84AB-AC9B35462E96}"
EndProject
Project("{FAE04EC0-301F-11D3-BF4B-00C04F79EFBC}") = "AtlusTableLib", "Dependencies\AtlusTableLib\AtlusTableLib.csproj", "{E5A4D9DF-FE64-4C13-AF90-EB59C11B3A33}"
EndProject
Global
	GlobalSection(SolutionConfigurationPlatforms) = preSolution
		Debug|Any CPU = Debug|Any CPU
		Release|Any CPU = Release|Any CPU
	EndGlobalSection
	GlobalSection(ProjectConfigurationPlatforms) = postSolution
		{D4468138-A3F7-4CEA-9402-A18B96760DCE}.Debug|Any CPU.ActiveCfg = Debug|Any CPU
		{D4468138-A3F7-4CEA-9402-A18B96760DCE}.Debug|Any CPU.Build.0 = Debug|Any CPU
		{D4468138-A3F7-4CEA-9402-A18B96760DCE}.Release|Any CPU.ActiveCfg = Release|Any CPU
		{D4468138-A3F7-4CEA-9402-A18B96760DCE}.Release|Any CPU.Build.0 = Release|Any CPU
		{F6CAFD27-406F-4C74-A48F-A37C64612900}.Debug|Any CPU.ActiveCfg = Debug|Any CPU
		{F6CAFD27-406F-4C74-A48F-A37C64612900}.Debug|Any CPU.Build.0 = Debug|Any CPU
		{F6CAFD27-406F-4C74-A48F-A37C64612900}.Release|Any CPU.ActiveCfg = Release|Any CPU
		{F6CAFD27-406F-4C74-A48F-A37C64612900}.Release|Any CPU.Build.0 = Release|Any CPU
		{3E4DB24B-7E16-417B-A461-5D3EA32ACCB2}.Debug|Any CPU.ActiveCfg = Debug|Any CPU
		{3E4DB24B-7E16-417B-A461-5D3EA32ACCB2}.Debug|Any CPU.Build.0 = Debug|Any CPU
		{3E4DB24B-7E16-417B-A461-5D3EA32ACCB2}.Release|Any CPU.ActiveCfg = Release|Any CPU
		{3E4DB24B-7E16-417B-A461-5D3EA32ACCB2}.Release|Any CPU.Build.0 = Release|Any CPU
		{85077E74-6D06-435F-84AB-AC9B35462E96}.Debug|Any CPU.ActiveCfg = Debug|Any CPU
		{85077E74-6D06-435F-84AB-AC9B35462E96}.Debug|Any CPU.Build.0 = Debug|Any CPU
		{85077E74-6D06-435F-84AB-AC9B35462E96}.Release|Any CPU.ActiveCfg = Release|Any CPU
		{85077E74-6D06-435F-84AB-AC9B35462E96}.Release|Any CPU.Build.0 = Release|Any CPU
		{E5A4D9DF-FE64-4C13-AF90-EB59C11B3A33}.Debug|Any CPU.ActiveCfg = Debug|Any CPU
		{E5A4D9DF-FE64-4C13-AF90-EB59C11B3A33}.Debug|Any CPU.Build.0 = Debug|Any CPU
		{E5A4D9DF-FE64-4C13-AF90-EB59C11B3A33}.Release|Any CPU.ActiveCfg = Release|Any CPU
		{E5A4D9DF-FE64-4C13-AF90-EB59C11B3A33}.Release|Any CPU.Build.0 = Release|Any CPU
	EndGlobalSection
	GlobalSection(SolutionProperties) = preSolution
		HideSolutionNode = FALSE
	EndGlobalSection
	GlobalSection(ExtensibilityGlobals) = postSolution
		SolutionGuid = {F5CC19BC-6573-4E77-B413-0716D6F4034E}
	EndGlobalSection
EndGlobal
