
Microsoft Visual Studio Solution File, Format Version 12.00
# Visual Studio 15
VisualStudioVersion = 15.0.26430.6
MinimumVisualStudioVersion = 10.0.40219.1
Project("{FAE04EC0-301F-11D3-BF4B-00C04F79EFBC}") = "AtlusTableLib", "AtlusTableLib\AtlusTableLib.csproj", "{E5A4D9DF-FE64-4C13-AF90-EB59C11B3A33}"
EndProject
Project("{FAE04EC0-301F-11D3-BF4B-00C04F79EFBC}") = "AtlusNameTableDumper", "Persona5NameTableDumper\AtlusNameTableDumper.csproj", "{F6CAFD27-406F-4C74-A48F-A37C64612900}"
EndProject
Project("{FAE04EC0-301F-11D3-BF4B-00C04F79EFBC}") = "AtlusRandomizer", "Persona4Randomizer\AtlusRandomizer.csproj", "{3E4DB24B-7E16-417B-A461-5D3EA32ACCB2}"
EndProject
Project("{FAE04EC0-301F-11D3-BF4B-00C04F79EFBC}") = "TGELib", "..\TGELib\TGELib\TGELib.csproj", "{2C083582-B39E-45CA-BF8F-3D361CDEA80A}"
EndProject
Global
	GlobalSection(SolutionConfigurationPlatforms) = preSolution
		Debug|Any CPU = Debug|Any CPU
		Release|Any CPU = Release|Any CPU
	EndGlobalSection
	GlobalSection(ProjectConfigurationPlatforms) = postSolution
		{E5A4D9DF-FE64-4C13-AF90-EB59C11B3A33}.Debug|Any CPU.ActiveCfg = Debug|Any CPU
		{E5A4D9DF-FE64-4C13-AF90-EB59C11B3A33}.Debug|Any CPU.Build.0 = Debug|Any CPU
		{E5A4D9DF-FE64-4C13-AF90-EB59C11B3A33}.Release|Any CPU.ActiveCfg = Release|Any CPU
		{E5A4D9DF-FE64-4C13-AF90-EB59C11B3A33}.Release|Any CPU.Build.0 = Release|Any CPU
		{F6CAFD27-406F-4C74-A48F-A37C64612900}.Debug|Any CPU.ActiveCfg = Debug|Any CPU
		{F6CAFD27-406F-4C74-A48F-A37C64612900}.Debug|Any CPU.Build.0 = Debug|Any CPU
		{F6CAFD27-406F-4C74-A48F-A37C64612900}.Release|Any CPU.ActiveCfg = Release|Any CPU
		{F6CAFD27-406F-4C74-A48F-A37C64612900}.Release|Any CPU.Build.0 = Release|Any CPU
		{3E4DB24B-7E16-417B-A461-5D3EA32ACCB2}.Debug|Any CPU.ActiveCfg = Debug|Any CPU
		{3E4DB24B-7E16-417B-A461-5D3EA32ACCB2}.Debug|Any CPU.Build.0 = Debug|Any CPU
		{3E4DB24B-7E16-417B-A461-5D3EA32ACCB2}.Release|Any CPU.ActiveCfg = Release|Any CPU
		{3E4DB24B-7E16-417B-A461-5D3EA32ACCB2}.Release|Any CPU.Build.0 = Release|Any CPU
		{2C083582-B39E-45CA-BF8F-3D361CDEA80A}.Debug|Any CPU.ActiveCfg = Debug|Any CPU
		{2C083582-B39E-45CA-BF8F-3D361CDEA80A}.Debug|Any CPU.Build.0 = Debug|Any CPU
		{2C083582-B39E-45CA-BF8F-3D361CDEA80A}.Release|Any CPU.ActiveCfg = Release|Any CPU
		{2C083582-B39E-45CA-BF8F-3D361CDEA80A}.Release|Any CPU.Build.0 = Release|Any CPU
	EndGlobalSection
	GlobalSection(SolutionProperties) = preSolution
		HideSolutionNode = FALSE
	EndGlobalSection
	GlobalSection(ExtensibilityGlobals) = postSolution
		SolutionGuid = {DF57EFF7-09E7-44BC-9990-C9E065E3C7C0}
	EndGlobalSection
EndGlobal
